// !$*UTF8*$!
{
	archiveVersion = 1;
	classes = {
	};
	objectVersion = 46;
	objects = {

/* Begin PBXBuildFile section */
		CC16441B1D8BF49D00C3383A /* RNDFPAds.h in CopyFiles */ = {isa = PBXBuildFile; fileRef = CC16441A1D8BF49D00C3383A /* RNDFPAds.h */; };
		CC16441D1D8BF49D00C3383A /* RNDFPAds.m in Sources */ = {isa = PBXBuildFile; fileRef = CC16441C1D8BF49D00C3383A /* RNDFPAds.m */; };
		CC1644391D8BF54B00C3383A /* GoogleMobileAds.framework in Frameworks */ = {isa = PBXBuildFile; fileRef = CC1644381D8BF54B00C3383A /* GoogleMobileAds.framework */; };
/* End PBXBuildFile section */

/* Begin PBXCopyFilesBuildPhase section */
		CC1644151D8BF49D00C3383A /* CopyFiles */ = {
			isa = PBXCopyFilesBuildPhase;
			buildActionMask = 2147483647;
			dstPath = "include/$(PRODUCT_NAME)";
			dstSubfolderSpec = 16;
			files = (
				CC16441B1D8BF49D00C3383A /* RNDFPAds.h in CopyFiles */,
			);
			runOnlyForDeploymentPostprocessing = 0;
		};
/* End PBXCopyFilesBuildPhase section */

/* Begin PBXFileReference section */
		CC1644171D8BF49D00C3383A /* libRNDFPAds.a */ = {isa = PBXFileReference; explicitFileType = archive.ar; includeInIndex = 0; path = libRNDFPAds.a; sourceTree = BUILT_PRODUCTS_DIR; };
		CC16441A1D8BF49D00C3383A /* RNDFPAds.h */ = {isa = PBXFileReference; lastKnownFileType = sourcecode.c.h; path = RNDFPAds.h; sourceTree = "<group>"; };
		CC16441C1D8BF49D00C3383A /* RNDFPAds.m */ = {isa = PBXFileReference; lastKnownFileType = sourcecode.c.objc; path = RNDFPAds.m; sourceTree = "<group>"; };
		CC1644381D8BF54B00C3383A /* GoogleMobileAds.framework */ = {isa = PBXFileReference; lastKnownFileType = wrapper.framework; name = GoogleMobileAds.framework; path = ../../../../Desktop/GoogleMobileAdsSdkiOS/GoogleMobileAds.framework; sourceTree = "<group>"; };
/* End PBXFileReference section */

/* Begin PBXFrameworksBuildPhase section */
		CC1644141D8BF49D00C3383A /* Frameworks */ = {
			isa = PBXFrameworksBuildPhase;
			buildActionMask = 2147483647;
			files = (
				CC1644391D8BF54B00C3383A /* GoogleMobileAds.framework in Frameworks */,
			);
			runOnlyForDeploymentPostprocessing = 0;
		};
/* End PBXFrameworksBuildPhase section */

/* Begin PBXGroup section */
		CC16440E1D8BF49D00C3383A = {
			isa = PBXGroup;
			children = (
				CC1644381D8BF54B00C3383A /* GoogleMobileAds.framework */,
				CC1644191D8BF49D00C3383A /* RNDFPAds */,
				CC1644181D8BF49D00C3383A /* Products */,
			);
			sourceTree = "<group>";
		};
		CC1644181D8BF49D00C3383A /* Products */ = {
			isa = PBXGroup;
			children = (
				CC1644171D8BF49D00C3383A /* libRNDFPAds.a */,
			);
			name = Products;
			sourceTree = "<group>";
		};
		CC1644191D8BF49D00C3383A /* RNDFPAds */ = {
			isa = PBXGroup;
			children = (
				CC16441A1D8BF49D00C3383A /* RNDFPAds.h */,
				CC16441C1D8BF49D00C3383A /* RNDFPAds.m */,
			);
			path = RNDFPAds;
			sourceTree = "<group>";
		};
/* End PBXGroup section */

/* Begin PBXNativeTarget section */
		CC1644161D8BF49D00C3383A /* RNDFPAds */ = {
			isa = PBXNativeTarget;
			buildConfigurationList = CC1644201D8BF49D00C3383A /* Build configuration list for PBXNativeTarget "RNDFPAds" */;
			buildPhases = (
				CC1644131D8BF49D00C3383A /* Sources */,
				CC1644141D8BF49D00C3383A /* Frameworks */,
				CC1644151D8BF49D00C3383A /* CopyFiles */,
			);
			buildRules = (
			);
			dependencies = (
			);
			name = RNDFPAds;
			productName = RNDFPAds;
			productReference = CC1644171D8BF49D00C3383A /* libRNDFPAds.a */;
			productType = "com.apple.product-type.library.static";
		};
/* End PBXNativeTarget section */

/* Begin PBXProject section */
		CC16440F1D8BF49D00C3383A /* Project object */ = {
			isa = PBXProject;
			attributes = {
				LastUpgradeCheck = 0730;
				ORGANIZATIONNAME = Pero;
				TargetAttributes = {
					CC1644161D8BF49D00C3383A = {
						CreatedOnToolsVersion = 7.3.1;
					};
				};
			};
			buildConfigurationList = CC1644121D8BF49D00C3383A /* Build configuration list for PBXProject "RNDFPAds" */;
			compatibilityVersion = "Xcode 3.2";
			developmentRegion = English;
			hasScannedForEncodings = 0;
			knownRegions = (
				en,
			);
			mainGroup = CC16440E1D8BF49D00C3383A;
			productRefGroup = CC1644181D8BF49D00C3383A /* Products */;
			projectDirPath = "";
			projectRoot = "";
			targets = (
				CC1644161D8BF49D00C3383A /* RNDFPAds */,
			);
		};
/* End PBXProject section */

/* Begin PBXSourcesBuildPhase section */
		CC1644131D8BF49D00C3383A /* Sources */ = {
			isa = PBXSourcesBuildPhase;
			buildActionMask = 2147483647;
			files = (
				CC16441D1D8BF49D00C3383A /* RNDFPAds.m in Sources */,
			);
			runOnlyForDeploymentPostprocessing = 0;
		};
/* End PBXSourcesBuildPhase section */

/* Begin XCBuildConfiguration section */
		CC16441E1D8BF49D00C3383A /* Debug */ = {
			isa = XCBuildConfiguration;
			buildSettings = {
				ALWAYS_SEARCH_USER_PATHS = NO;
				CLANG_ANALYZER_NONNULL = YES;
				CLANG_CXX_LANGUAGE_STANDARD = "gnu++0x";
				CLANG_CXX_LIBRARY = "libc++";
				CLANG_ENABLE_MODULES = YES;
				CLANG_ENABLE_OBJC_ARC = YES;
				CLANG_WARN_BOOL_CONVERSION = YES;
				CLANG_WARN_CONSTANT_CONVERSION = YES;
				CLANG_WARN_DIRECT_OBJC_ISA_USAGE = YES_ERROR;
				CLANG_WARN_EMPTY_BODY = YES;
				CLANG_WARN_ENUM_CONVERSION = YES;
				CLANG_WARN_INT_CONVERSION = YES;
				CLANG_WARN_OBJC_ROOT_CLASS = YES_ERROR;
				CLANG_WARN_UNREACHABLE_CODE = YES;
				CLANG_WARN__DUPLICATE_METHOD_MATCH = YES;
				"CODE_SIGN_IDENTITY[sdk=iphoneos*]" = "iPhone Developer";
				COPY_PHASE_STRIP = NO;
				DEBUG_INFORMATION_FORMAT = dwarf;
				ENABLE_STRICT_OBJC_MSGSEND = YES;
				ENABLE_TESTABILITY = YES;
				GCC_C_LANGUAGE_STANDARD = gnu99;
				GCC_DYNAMIC_NO_PIC = NO;
				GCC_NO_COMMON_BLOCKS = YES;
				GCC_OPTIMIZATION_LEVEL = 0;
				GCC_PREPROCESSOR_DEFINITIONS = (
					"DEBUG=1",
					"$(inherited)",
				);
				GCC_WARN_64_TO_32_BIT_CONVERSION = YES;
				GCC_WARN_ABOUT_RETURN_TYPE = YES_ERROR;
				GCC_WARN_UNDECLARED_SELECTOR = YES;
				GCC_WARN_UNINITIALIZED_AUTOS = YES_AGGRESSIVE;
				GCC_WARN_UNUSED_FUNCTION = YES;
				GCC_WARN_UNUSED_VARIABLE = YES;
				IPHONEOS_DEPLOYMENT_TARGET = 9.3;
				MTL_ENABLE_DEBUG_INFO = YES;
				ONLY_ACTIVE_ARCH = YES;
				SDKROOT = iphoneos;
			};
			name = Debug;
		};
		CC16441F1D8BF49D00C3383A /* Release */ = {
			isa = XCBuildConfiguration;
			buildSettings = {
				ALWAYS_SEARCH_USER_PATHS = NO;
				CLANG_ANALYZER_NONNULL = YES;
				CLANG_CXX_LANGUAGE_STANDARD = "gnu++0x";
				CLANG_CXX_LIBRARY = "libc++";
				CLANG_ENABLE_MODULES = YES;
				CLANG_ENABLE_OBJC_ARC = YES;
				CLANG_WARN_BOOL_CONVERSION = YES;
				CLANG_WARN_CONSTANT_CONVERSION = YES;
				CLANG_WARN_DIRECT_OBJC_ISA_USAGE = YES_ERROR;
				CLANG_WARN_EMPTY_BODY = YES;
				CLANG_WARN_ENUM_CONVERSION = YES;
				CLANG_WARN_INT_CONVERSION = YES;
				CLANG_WARN_OBJC_ROOT_CLASS = YES_ERROR;
				CLANG_WARN_UNREACHABLE_CODE = YES;
				CLANG_WARN__DUPLICATE_METHOD_MATCH = YES;
				"CODE_SIGN_IDENTITY[sdk=iphoneos*]" = "iPhone Developer";
				COPY_PHASE_STRIP = NO;
				DEBUG_INFORMATION_FORMAT = "dwarf-with-dsym";
				ENABLE_NS_ASSERTIONS = NO;
				ENABLE_STRICT_OBJC_MSGSEND = YES;
				GCC_C_LANGUAGE_STANDARD = gnu99;
				GCC_NO_COMMON_BLOCKS = YES;
				GCC_WARN_64_TO_32_BIT_CONVERSION = YES;
				GCC_WARN_ABOUT_RETURN_TYPE = YES_ERROR;
				GCC_WARN_UNDECLARED_SELECTOR = YES;
				GCC_WARN_UNINITIALIZED_AUTOS = YES_AGGRESSIVE;
				GCC_WARN_UNUSED_FUNCTION = YES;
				GCC_WARN_UNUSED_VARIABLE = YES;
				IPHONEOS_DEPLOYMENT_TARGET = 9.3;
				MTL_ENABLE_DEBUG_INFO = NO;
				SDKROOT = iphoneos;
				VALIDATE_PRODUCT = YES;
			};
			name = Release;
		};
		CC1644211D8BF49D00C3383A /* Debug */ = {
			isa = XCBuildConfiguration;
			buildSettings = {
				OTHER_LDFLAGS = "-ObjC";
				PRODUCT_NAME = "$(TARGET_NAME)";
				SKIP_INSTALL = YES;
			};
			name = Debug;
		};
		CC1644221D8BF49D00C3383A /* Release */ = {
			isa = XCBuildConfiguration;
			buildSettings = {
				OTHER_LDFLAGS = "-ObjC";
				PRODUCT_NAME = "$(TARGET_NAME)";
				SKIP_INSTALL = YES;
			};
			name = Release;
		};
/* End XCBuildConfiguration section */

/* Begin XCConfigurationList section */
		CC1644121D8BF49D00C3383A /* Build configuration list for PBXProject "RNDFPAds" */ = {
			isa = XCConfigurationList;
			buildConfigurations = (
				CC16441E1D8BF49D00C3383A /* Debug */,
				CC16441F1D8BF49D00C3383A /* Release */,
			);
			defaultConfigurationIsVisible = 0;
			defaultConfigurationName = Release;
		};
		CC1644201D8BF49D00C3383A /* Build configuration list for PBXNativeTarget "RNDFPAds" */ = {
			isa = XCConfigurationList;
			buildConfigurations = (
				CC1644211D8BF49D00C3383A /* Debug */,
				CC1644221D8BF49D00C3383A /* Release */,
			);
			defaultConfigurationIsVisible = 0;
		};
/* End XCConfigurationList section */
	};
	rootObject = CC16440F1D8BF49D00C3383A /* Project object */;
}
